// !$*UTF8*$!
{
	archiveVersion = 1;
	classes = {
	};
	objectVersion = 56;
	objects = {

/* Begin PBXBuildFile section */
		12536E9029DB0C0700CBF0BE /* AppDelegate.swift in Sources */ = {isa = PBXBuildFile; fileRef = 12536E8F29DB0C0700CBF0BE /* AppDelegate.swift */; };
		12536E9229DB0C0700CBF0BE /* SceneDelegate.swift in Sources */ = {isa = PBXBuildFile; fileRef = 12536E9129DB0C0700CBF0BE /* SceneDelegate.swift */; };
		12536E9429DB0C0700CBF0BE /* ViewController.swift in Sources */ = {isa = PBXBuildFile; fileRef = 12536E9329DB0C0700CBF0BE /* ViewController.swift */; };
		12536E9729DB0C0700CBF0BE /* Main.storyboard in Resources */ = {isa = PBXBuildFile; fileRef = 12536E9529DB0C0700CBF0BE /* Main.storyboard */; };
		12536E9929DB0C0900CBF0BE /* Assets.xcassets in Resources */ = {isa = PBXBuildFile; fileRef = 12536E9829DB0C0900CBF0BE /* Assets.xcassets */; };
		12536E9C29DB0C0900CBF0BE /* LaunchScreen.storyboard in Resources */ = {isa = PBXBuildFile; fileRef = 12536E9A29DB0C0900CBF0BE /* LaunchScreen.storyboard */; };
		12536EA729DB0C0900CBF0BE /* Hava_DurumuTests.swift in Sources */ = {isa = PBXBuildFile; fileRef = 12536EA629DB0C0900CBF0BE /* Hava_DurumuTests.swift */; };
		12536EB129DB0C0900CBF0BE /* Hava_DurumuUITests.swift in Sources */ = {isa = PBXBuildFile; fileRef = 12536EB029DB0C0900CBF0BE /* Hava_DurumuUITests.swift */; };
		12536EB329DB0C0900CBF0BE /* Hava_DurumuUITestsLaunchTests.swift in Sources */ = {isa = PBXBuildFile; fileRef = 12536EB229DB0C0900CBF0BE /* Hava_DurumuUITestsLaunchTests.swift */; };
/* End PBXBuildFile section */

/* Begin PBXContainerItemProxy section */
		12536EA329DB0C0900CBF0BE /* PBXContainerItemProxy */ = {
			isa = PBXContainerItemProxy;
			containerPortal = 12536E8429DB0C0700CBF0BE /* Project object */;
			proxyType = 1;
			remoteGlobalIDString = 12536E8B29DB0C0700CBF0BE;
			remoteInfo = "Hava Durumu";
		};
		12536EAD29DB0C0900CBF0BE /* PBXContainerItemProxy */ = {
			isa = PBXContainerItemProxy;
			containerPortal = 12536E8429DB0C0700CBF0BE /* Project object */;
			proxyType = 1;
			remoteGlobalIDString = 12536E8B29DB0C0700CBF0BE;
			remoteInfo = "Hava Durumu";
		};
/* End PBXContainerItemProxy section */

/* Begin PBXFileReference section */
		12536E8C29DB0C0700CBF0BE /* Hava Durumu.app */ = {isa = PBXFileReference; explicitFileType = wrapper.application; includeInIndex = 0; path = "Hava Durumu.app"; sourceTree = BUILT_PRODUCTS_DIR; };
		12536E8F29DB0C0700CBF0BE /* AppDelegate.swift */ = {isa = PBXFileReference; lastKnownFileType = sourcecode.swift; path = AppDelegate.swift; sourceTree = "<group>"; };
		12536E9129DB0C0700CBF0BE /* SceneDelegate.swift */ = {isa = PBXFileReference; lastKnownFileType = sourcecode.swift; path = SceneDelegate.swift; sourceTree = "<group>"; };
		12536E9329DB0C0700CBF0BE /* ViewController.swift */ = {isa = PBXFileReference; lastKnownFileType = sourcecode.swift; path = ViewController.swift; sourceTree = "<group>"; };
		12536E9629DB0C0700CBF0BE /* Base */ = {isa = PBXFileReference; lastKnownFileType = file.storyboard; name = Base; path = Base.lproj/Main.storyboard; sourceTree = "<group>"; };
		12536E9829DB0C0900CBF0BE /* Assets.xcassets */ = {isa = PBXFileReference; lastKnownFileType = folder.assetcatalog; path = Assets.xcassets; sourceTree = "<group>"; };
		12536E9B29DB0C0900CBF0BE /* Base */ = {isa = PBXFileReference; lastKnownFileType = file.storyboard; name = Base; path = Base.lproj/LaunchScreen.storyboard; sourceTree = "<group>"; };
		12536E9D29DB0C0900CBF0BE /* Info.plist */ = {isa = PBXFileReference; lastKnownFileType = text.plist.xml; path = Info.plist; sourceTree = "<group>"; };
		12536EA229DB0C0900CBF0BE /* Hava DurumuTests.xctest */ = {isa = PBXFileReference; explicitFileType = wrapper.cfbundle; includeInIndex = 0; path = "Hava DurumuTests.xctest"; sourceTree = BUILT_PRODUCTS_DIR; };
		12536EA629DB0C0900CBF0BE /* Hava_DurumuTests.swift */ = {isa = PBXFileReference; lastKnownFileType = sourcecode.swift; path = Hava_DurumuTests.swift; sourceTree = "<group>"; };
		12536EAC29DB0C0900CBF0BE /* Hava DurumuUITests.xctest */ = {isa = PBXFileReference; explicitFileType = wrapper.cfbundle; includeInIndex = 0; path = "Hava DurumuUITests.xctest"; sourceTree = BUILT_PRODUCTS_DIR; };
		12536EB029DB0C0900CBF0BE /* Hava_DurumuUITests.swift */ = {isa = PBXFileReference; lastKnownFileType = sourcecode.swift; path = Hava_DurumuUITests.swift; sourceTree = "<group>"; };
		12536EB229DB0C0900CBF0BE /* Hava_DurumuUITestsLaunchTests.swift */ = {isa = PBXFileReference; lastKnownFileType = sourcecode.swift; path = Hava_DurumuUITestsLaunchTests.swift; sourceTree = "<group>"; };
/* End PBXFileReference section */

/* Begin PBXFrameworksBuildPhase section */
		12536E8929DB0C0700CBF0BE /* Frameworks */ = {
			isa = PBXFrameworksBuildPhase;
			buildActionMask = 2147483647;
			files = (
			);
			runOnlyForDeploymentPostprocessing = 0;
		};
		12536E9F29DB0C0900CBF0BE /* Frameworks */ = {
			isa = PBXFrameworksBuildPhase;
			buildActionMask = 2147483647;
			files = (
			);
			runOnlyForDeploymentPostprocessing = 0;
		};
		12536EA929DB0C0900CBF0BE /* Frameworks */ = {
			isa = PBXFrameworksBuildPhase;
			buildActionMask = 2147483647;
			files = (
			);
			runOnlyForDeploymentPostprocessing = 0;
		};
/* End PBXFrameworksBuildPhase section */

/* Begin PBXGroup section */
		12536E8329DB0C0700CBF0BE = {
			isa = PBXGroup;
			children = (
				12536E8E29DB0C0700CBF0BE /* Hava Durumu */,
				12536EA529DB0C0900CBF0BE /* Hava DurumuTests */,
				12536EAF29DB0C0900CBF0BE /* Hava DurumuUITests */,
				12536E8D29DB0C0700CBF0BE /* Products */,
			);
			sourceTree = "<group>";
		};
		12536E8D29DB0C0700CBF0BE /* Products */ = {
			isa = PBXGroup;
			children = (
				12536E8C29DB0C0700CBF0BE /* Hava Durumu.app */,
				12536EA229DB0C0900CBF0BE /* Hava DurumuTests.xctest */,
				12536EAC29DB0C0900CBF0BE /* Hava DurumuUITests.xctest */,
			);
			name = Products;
			sourceTree = "<group>";
		};
		12536E8E29DB0C0700CBF0BE /* Hava Durumu */ = {
			isa = PBXGroup;
			children = (
				12536E8F29DB0C0700CBF0BE /* AppDelegate.swift */,
				12536E9129DB0C0700CBF0BE /* SceneDelegate.swift */,
				12536E9329DB0C0700CBF0BE /* ViewController.swift */,
				12536E9529DB0C0700CBF0BE /* Main.storyboard */,
				12536E9829DB0C0900CBF0BE /* Assets.xcassets */,
				12536E9A29DB0C0900CBF0BE /* LaunchScreen.storyboard */,
				12536E9D29DB0C0900CBF0BE /* Info.plist */,
			);
			path = "Hava Durumu";
			sourceTree = "<group>";
		};
		12536EA529DB0C0900CBF0BE /* Hava DurumuTests */ = {
			isa = PBXGroup;
			children = (
				12536EA629DB0C0900CBF0BE /* Hava_DurumuTests.swift */,
			);
			path = "Hava DurumuTests";
			sourceTree = "<group>";
		};
		12536EAF29DB0C0900CBF0BE /* Hava DurumuUITests */ = {
			isa = PBXGroup;
			children = (
				12536EB029DB0C0900CBF0BE /* Hava_DurumuUITests.swift */,
				12536EB229DB0C0900CBF0BE /* Hava_DurumuUITestsLaunchTests.swift */,
			);
			path = "Hava DurumuUITests";
			sourceTree = "<group>";
		};
/* End PBXGroup section */

/* Begin PBXNativeTarget section */
		12536E8B29DB0C0700CBF0BE /* Hava Durumu */ = {
			isa = PBXNativeTarget;
			buildConfigurationList = 12536EB629DB0C0900CBF0BE /* Build configuration list for PBXNativeTarget "Hava Durumu" */;
			buildPhases = (
				12536E8829DB0C0700CBF0BE /* Sources */,
				12536E8929DB0C0700CBF0BE /* Frameworks */,
				12536E8A29DB0C0700CBF0BE /* Resources */,
			);
			buildRules = (
			);
			dependencies = (
			);
			name = "Hava Durumu";
			productName = "Hava Durumu";
			productReference = 12536E8C29DB0C0700CBF0BE /* Hava Durumu.app */;
			productType = "com.apple.product-type.application";
		};
		12536EA129DB0C0900CBF0BE /* Hava DurumuTests */ = {
			isa = PBXNativeTarget;
			buildConfigurationList = 12536EB929DB0C0900CBF0BE /* Build configuration list for PBXNativeTarget "Hava DurumuTests" */;
			buildPhases = (
				12536E9E29DB0C0900CBF0BE /* Sources */,
				12536E9F29DB0C0900CBF0BE /* Frameworks */,
				12536EA029DB0C0900CBF0BE /* Resources */,
			);
			buildRules = (
			);
			dependencies = (
				12536EA429DB0C0900CBF0BE /* PBXTargetDependency */,
			);
			name = "Hava DurumuTests";
			productName = "Hava DurumuTests";
			productReference = 12536EA229DB0C0900CBF0BE /* Hava DurumuTests.xctest */;
			productType = "com.apple.product-type.bundle.unit-test";
		};
		12536EAB29DB0C0900CBF0BE /* Hava DurumuUITests */ = {
			isa = PBXNativeTarget;
			buildConfigurationList = 12536EBC29DB0C0900CBF0BE /* Build configuration list for PBXNativeTarget "Hava DurumuUITests" */;
			buildPhases = (
				12536EA829DB0C0900CBF0BE /* Sources */,
				12536EA929DB0C0900CBF0BE /* Frameworks */,
				12536EAA29DB0C0900CBF0BE /* Resources */,
			);
			buildRules = (
			);
			dependencies = (
				12536EAE29DB0C0900CBF0BE /* PBXTargetDependency */,
			);
			name = "Hava DurumuUITests";
			productName = "Hava DurumuUITests";
			productReference = 12536EAC29DB0C0900CBF0BE /* Hava DurumuUITests.xctest */;
			productType = "com.apple.product-type.bundle.ui-testing";
		};
/* End PBXNativeTarget section */

/* Begin PBXProject section */
		12536E8429DB0C0700CBF0BE /* Project object */ = {
			isa = PBXProject;
			attributes = {
				BuildIndependentTargetsInParallel = 1;
				LastSwiftUpdateCheck = 1420;
				LastUpgradeCheck = 1420;
				TargetAttributes = {
					12536E8B29DB0C0700CBF0BE = {
						CreatedOnToolsVersion = 14.2;
					};
					12536EA129DB0C0900CBF0BE = {
						CreatedOnToolsVersion = 14.2;
						TestTargetID = 12536E8B29DB0C0700CBF0BE;
					};
					12536EAB29DB0C0900CBF0BE = {
						CreatedOnToolsVersion = 14.2;
						TestTargetID = 12536E8B29DB0C0700CBF0BE;
					};
				};
			};
			buildConfigurationList = 12536E8729DB0C0700CBF0BE /* Build configuration list for PBXProject "Hava Durumu" */;
			compatibilityVersion = "Xcode 14.0";
			developmentRegion = en;
			hasScannedForEncodings = 0;
			knownRegions = (
				en,
				Base,
			);
			mainGroup = 12536E8329DB0C0700CBF0BE;
			productRefGroup = 12536E8D29DB0C0700CBF0BE /* Products */;
			projectDirPath = "";
			projectRoot = "";
			targets = (
				12536E8B29DB0C0700CBF0BE /* Hava Durumu */,
				12536EA129DB0C0900CBF0BE /* Hava DurumuTests */,
				12536EAB29DB0C0900CBF0BE /* Hava DurumuUITests */,
			);
		};
/* End PBXProject section */

/* Begin PBXResourcesBuildPhase section */
		12536E8A29DB0C0700CBF0BE /* Resources */ = {
			isa = PBXResourcesBuildPhase;
			buildActionMask = 2147483647;
			files = (
				12536E9C29DB0C0900CBF0BE /* LaunchScreen.storyboard in Resources */,
				12536E9929DB0C0900CBF0BE /* Assets.xcassets in Resources */,
				12536E9729DB0C0700CBF0BE /* Main.storyboard in Resources */,
			);
			runOnlyForDeploymentPostprocessing = 0;
		};
		12536EA029DB0C0900CBF0BE /* Resources */ = {
			isa = PBXResourcesBuildPhase;
			buildActionMask = 2147483647;
			files = (
			);
			runOnlyForDeploymentPostprocessing = 0;
		};
		12536EAA29DB0C0900CBF0BE /* Resources */ = {
			isa = PBXResourcesBuildPhase;
			buildActionMask = 2147483647;
			files = (
			);
			runOnlyForDeploymentPostprocessing = 0;
		};
/* End PBXResourcesBuildPhase section */

/* Begin PBXSourcesBuildPhase section */
		12536E8829DB0C0700CBF0BE /* Sources */ = {
			isa = PBXSourcesBuildPhase;
			buildActionMask = 2147483647;
			files = (
				12536E9429DB0C0700CBF0BE /* ViewController.swift in Sources */,
				12536E9029DB0C0700CBF0BE /* AppDelegate.swift in Sources */,
				12536E9229DB0C0700CBF0BE /* SceneDelegate.swift in Sources */,
			);
			runOnlyForDeploymentPostprocessing = 0;
		};
		12536E9E29DB0C0900CBF0BE /* Sources */ = {
			isa = PBXSourcesBuildPhase;
			buildActionMask = 2147483647;
			files = (
				12536EA729DB0C0900CBF0BE /* Hava_DurumuTests.swift in Sources */,
			);
			runOnlyForDeploymentPostprocessing = 0;
		};
		12536EA829DB0C0900CBF0BE /* Sources */ = {
			isa = PBXSourcesBuildPhase;
			buildActionMask = 2147483647;
			files = (
				12536EB329DB0C0900CBF0BE /* Hava_DurumuUITestsLaunchTests.swift in Sources */,
				12536EB129DB0C0900CBF0BE /* Hava_DurumuUITests.swift in Sources */,
			);
			runOnlyForDeploymentPostprocessing = 0;
		};
/* End PBXSourcesBuildPhase section */

/* Begin PBXTargetDependency section */
		12536EA429DB0C0900CBF0BE /* PBXTargetDependency */ = {
			isa = PBXTargetDependency;
			target = 12536E8B29DB0C0700CBF0BE /* Hava Durumu */;
			targetProxy = 12536EA329DB0C0900CBF0BE /* PBXContainerItemProxy */;
		};
		12536EAE29DB0C0900CBF0BE /* PBXTargetDependency */ = {
			isa = PBXTargetDependency;
			target = 12536E8B29DB0C0700CBF0BE /* Hava Durumu */;
			targetProxy = 12536EAD29DB0C0900CBF0BE /* PBXContainerItemProxy */;
		};
/* End PBXTargetDependency section */

/* Begin PBXVariantGroup section */
		12536E9529DB0C0700CBF0BE /* Main.storyboard */ = {
			isa = PBXVariantGroup;
			children = (
				12536E9629DB0C0700CBF0BE /* Base */,
			);
			name = Main.storyboard;
			sourceTree = "<group>";
		};
		12536E9A29DB0C0900CBF0BE /* LaunchScreen.storyboard */ = {
			isa = PBXVariantGroup;
			children = (
				12536E9B29DB0C0900CBF0BE /* Base */,
			);
			name = LaunchScreen.storyboard;
			sourceTree = "<group>";
		};
/* End PBXVariantGroup section */

/* Begin XCBuildConfiguration section */
		12536EB429DB0C0900CBF0BE /* Debug */ = {
			isa = XCBuildConfiguration;
			buildSettings = {
				ALWAYS_SEARCH_USER_PATHS = NO;
				CLANG_ANALYZER_NONNULL = YES;
				CLANG_ANALYZER_NUMBER_OBJECT_CONVERSION = YES_AGGRESSIVE;
				CLANG_CXX_LANGUAGE_STANDARD = "gnu++20";
				CLANG_ENABLE_MODULES = YES;
				CLANG_ENABLE_OBJC_ARC = YES;
				CLANG_ENABLE_OBJC_WEAK = YES;
				CLANG_WARN_BLOCK_CAPTURE_AUTORELEASING = YES;
				CLANG_WARN_BOOL_CONVERSION = YES;
				CLANG_WARN_COMMA = YES;
				CLANG_WARN_CONSTANT_CONVERSION = YES;
				CLANG_WARN_DEPRECATED_OBJC_IMPLEMENTATIONS = YES;
				CLANG_WARN_DIRECT_OBJC_ISA_USAGE = YES_ERROR;
				CLANG_WARN_DOCUMENTATION_COMMENTS = YES;
				CLANG_WARN_EMPTY_BODY = YES;
				CLANG_WARN_ENUM_CONVERSION = YES;
				CLANG_WARN_INFINITE_RECURSION = YES;
				CLANG_WARN_INT_CONVERSION = YES;
				CLANG_WARN_NON_LITERAL_NULL_CONVERSION = YES;
				CLANG_WARN_OBJC_IMPLICIT_RETAIN_SELF = YES;
				CLANG_WARN_OBJC_LITERAL_CONVERSION = YES;
				CLANG_WARN_OBJC_ROOT_CLASS = YES_ERROR;
				CLANG_WARN_QUOTED_INCLUDE_IN_FRAMEWORK_HEADER = YES;
				CLANG_WARN_RANGE_LOOP_ANALYSIS = YES;
				CLANG_WARN_STRICT_PROTOTYPES = YES;
				CLANG_WARN_SUSPICIOUS_MOVE = YES;
				CLANG_WARN_UNGUARDED_AVAILABILITY = YES_AGGRESSIVE;
				CLANG_WARN_UNREACHABLE_CODE = YES;
				CLANG_WARN__DUPLICATE_METHOD_MATCH = YES;
				COPY_PHASE_STRIP = NO;
				DEBUG_INFORMATION_FORMAT = dwarf;
				ENABLE_STRICT_OBJC_MSGSEND = YES;
				ENABLE_TESTABILITY = YES;
				GCC_C_LANGUAGE_STANDARD = gnu11;
				GCC_DYNAMIC_NO_PIC = NO;
				GCC_NO_COMMON_BLOCKS = YES;
				GCC_OPTIMIZATION_LEVEL = 0;
				GCC_PREPROCESSOR_DEFINITIONS = (
					"DEBUG=1",
					"$(inherited)",
				);
				GCC_WARN_64_TO_32_BIT_CONVERSION = YES;
				GCC_WARN_ABOUT_RETURN_TYPE = YES_ERROR;
				GCC_WARN_UNDECLARED_SELECTOR = YES;
				GCC_WARN_UNINITIALIZED_AUTOS = YES_AGGRESSIVE;
				GCC_WARN_UNUSED_FUNCTION = YES;
				GCC_WARN_UNUSED_VARIABLE = YES;
				IPHONEOS_DEPLOYMENT_TARGET = 16.2;
				MTL_ENABLE_DEBUG_INFO = INCLUDE_SOURCE;
				MTL_FAST_MATH = YES;
				ONLY_ACTIVE_ARCH = YES;
				SDKROOT = iphoneos;
				SWIFT_ACTIVE_COMPILATION_CONDITIONS = DEBUG;
				SWIFT_OPTIMIZATION_LEVEL = "-Onone";
			};
			name = Debug;
		};
		12536EB529DB0C0900CBF0BE /* Release */ = {
			isa = XCBuildConfiguration;
			buildSettings = {
				ALWAYS_SEARCH_USER_PATHS = NO;
				CLANG_ANALYZER_NONNULL = YES;
				CLANG_ANALYZER_NUMBER_OBJECT_CONVERSION = YES_AGGRESSIVE;
				CLANG_CXX_LANGUAGE_STANDARD = "gnu++20";
				CLANG_ENABLE_MODULES = YES;
				CLANG_ENABLE_OBJC_ARC = YES;
				CLANG_ENABLE_OBJC_WEAK = YES;
				CLANG_WARN_BLOCK_CAPTURE_AUTORELEASING = YES;
				CLANG_WARN_BOOL_CONVERSION = YES;
				CLANG_WARN_COMMA = YES;
				CLANG_WARN_CONSTANT_CONVERSION = YES;
				CLANG_WARN_DEPRECATED_OBJC_IMPLEMENTATIONS = YES;
				CLANG_WARN_DIRECT_OBJC_ISA_USAGE = YES_ERROR;
				CLANG_WARN_DOCUMENTATION_COMMENTS = YES;
				CLANG_WARN_EMPTY_BODY = YES;
				CLANG_WARN_ENUM_CONVERSION = YES;
				CLANG_WARN_INFINITE_RECURSION = YES;
				CLANG_WARN_INT_CONVERSION = YES;
				CLANG_WARN_NON_LITERAL_NULL_CONVERSION = YES;
				CLANG_WARN_OBJC_IMPLICIT_RETAIN_SELF = YES;
				CLANG_WARN_OBJC_LITERAL_CONVERSION = YES;
				CLANG_WARN_OBJC_ROOT_CLASS = YES_ERROR;
				CLANG_WARN_QUOTED_INCLUDE_IN_FRAMEWORK_HEADER = YES;
				CLANG_WARN_RANGE_LOOP_ANALYSIS = YES;
				CLANG_WARN_STRICT_PROTOTYPES = YES;
				CLANG_WARN_SUSPICIOUS_MOVE = YES;
				CLANG_WARN_UNGUARDED_AVAILABILITY = YES_AGGRESSIVE;
				CLANG_WARN_UNREACHABLE_CODE = YES;
				CLANG_WARN__DUPLICATE_METHOD_MATCH = YES;
				COPY_PHASE_STRIP = NO;
				DEBUG_INFORMATION_FORMAT = "dwarf-with-dsym";
				ENABLE_NS_ASSERTIONS = NO;
				ENABLE_STRICT_OBJC_MSGSEND = YES;
				GCC_C_LANGUAGE_STANDARD = gnu11;
				GCC_NO_COMMON_BLOCKS = YES;
				GCC_WARN_64_TO_32_BIT_CONVERSION = YES;
				GCC_WARN_ABOUT_RETURN_TYPE = YES_ERROR;
				GCC_WARN_UNDECLARED_SELECTOR = YES;
				GCC_WARN_UNINITIALIZED_AUTOS = YES_AGGRESSIVE;
				GCC_WARN_UNUSED_FUNCTION = YES;
				GCC_WARN_UNUSED_VARIABLE = YES;
				IPHONEOS_DEPLOYMENT_TARGET = 16.2;
				MTL_ENABLE_DEBUG_INFO = NO;
				MTL_FAST_MATH = YES;
				SDKROOT = iphoneos;
				SWIFT_COMPILATION_MODE = wholemodule;
				SWIFT_OPTIMIZATION_LEVEL = "-O";
				VALIDATE_PRODUCT = YES;
			};
			name = Release;
		};
		12536EB729DB0C0900CBF0BE /* Debug */ = {
			isa = XCBuildConfiguration;
			buildSettings = {
				ASSETCATALOG_COMPILER_APPICON_NAME = AppIcon;
				ASSETCATALOG_COMPILER_GLOBAL_ACCENT_COLOR_NAME = AccentColor;
				CODE_SIGN_STYLE = Automatic;
				CURRENT_PROJECT_VERSION = 1;
				DEVELOPMENT_TEAM = CG2DGVAM4V;
				GENERATE_INFOPLIST_FILE = YES;
				INFOPLIST_FILE = "Hava Durumu/Info.plist";
				INFOPLIST_KEY_UIApplicationSupportsIndirectInputEvents = YES;
				INFOPLIST_KEY_UILaunchStoryboardName = LaunchScreen;
				INFOPLIST_KEY_UIMainStoryboardFile = Main;
				INFOPLIST_KEY_UISupportedInterfaceOrientations_iPad = "UIInterfaceOrientationPortrait UIInterfaceOrientationPortraitUpsideDown UIInterfaceOrientationLandscapeLeft UIInterfaceOrientationLandscapeRight";
				INFOPLIST_KEY_UISupportedInterfaceOrientations_iPhone = "UIInterfaceOrientationPortrait UIInterfaceOrientationLandscapeLeft UIInterfaceOrientationLandscapeRight";
				LD_RUNPATH_SEARCH_PATHS = (
					"$(inherited)",
					"@executable_path/Frameworks",
				);
				MARKETING_VERSION = 1.0;
				PRODUCT_BUNDLE_IDENTIFIER = "info.Hava-Durumu";
				PRODUCT_NAME = "$(TARGET_NAME)";
				SWIFT_EMIT_LOC_STRINGS = YES;
				SWIFT_VERSION = 5.0;
				TARGETED_DEVICE_FAMILY = "1,2";
			};
			name = Debug;
		};
		12536EB829DB0C0900CBF0BE /* Release */ = {
			isa = XCBuildConfiguration;
			buildSettings = {
				ASSETCATALOG_COMPILER_APPICON_NAME = AppIcon;
				ASSETCATALOG_COMPILER_GLOBAL_ACCENT_COLOR_NAME = AccentColor;
				CODE_SIGN_STYLE = Automatic;
				CURRENT_PROJECT_VERSION = 1;
				DEVELOPMENT_TEAM = CG2DGVAM4V;
				GENERATE_INFOPLIST_FILE = YES;
				INFOPLIST_FILE = "Hava Durumu/Info.plist";
				INFOPLIST_KEY_UIApplicationSupportsIndirectInputEvents = YES;
				INFOPLIST_KEY_UILaunchStoryboardName = LaunchScreen;
				INFOPLIST_KEY_UIMainStoryboardFile = Main;
				INFOPLIST_KEY_UISupportedInterfaceOrientations_iPad = "UIInterfaceOrientationPortrait UIInterfaceOrientationPortraitUpsideDown UIInterfaceOrientationLandscapeLeft UIInterfaceOrientationLandscapeRight";
				INFOPLIST_KEY_UISupportedInterfaceOrientations_iPhone = "UIInterfaceOrientationPortrait UIInterfaceOrientationLandscapeLeft UIInterfaceOrientationLandscapeRight";
				LD_RUNPATH_SEARCH_PATHS = (
					"$(inherited)",
					"@executable_path/Frameworks",
				);
				MARKETING_VERSION = 1.0;
				PRODUCT_BUNDLE_IDENTIFIER = "info.Hava-Durumu";
				PRODUCT_NAME = "$(TARGET_NAME)";
				SWIFT_EMIT_LOC_STRINGS = YES;
				SWIFT_VERSION = 5.0;
				TARGETED_DEVICE_FAMILY = "1,2";
			};
			name = Release;
		};
		12536EBA29DB0C0900CBF0BE /* Debug */ = {
			isa = XCBuildConfiguration;
			buildSettings = {
				ALWAYS_EMBED_SWIFT_STANDARD_LIBRARIES = YES;
				BUNDLE_LOADER = "$(TEST_HOST)";
				CODE_SIGN_STYLE = Automatic;
				CURRENT_PROJECT_VERSION = 1;
				DEVELOPMENT_TEAM = CG2DGVAM4V;
				GENERATE_INFOPLIST_FILE = YES;
				IPHONEOS_DEPLOYMENT_TARGET = 16.2;
				MARKETING_VERSION = 1.0;
				PRODUCT_BUNDLE_IDENTIFIER = "info.Hava-DurumuTests";
				PRODUCT_NAME = "$(TARGET_NAME)";
				SWIFT_EMIT_LOC_STRINGS = NO;
				SWIFT_VERSION = 5.0;
				TARGETED_DEVICE_FAMILY = "1,2";
				TEST_HOST = "$(BUILT_PRODUCTS_DIR)/Hava Durumu.app/$(BUNDLE_EXECUTABLE_FOLDER_PATH)/Hava Durumu";
			};
			name = Debug;
		};
		12536EBB29DB0C0900CBF0BE /* Release */ = {
			isa = XCBuildConfiguration;
			buildSettings = {
				ALWAYS_EMBED_SWIFT_STANDARD_LIBRARIES = YES;
				BUNDLE_LOADER = "$(TEST_HOST)";
				CODE_SIGN_STYLE = Automatic;
				CURRENT_PROJECT_VERSION = 1;
				DEVELOPMENT_TEAM = CG2DGVAM4V;
				GENERATE_INFOPLIST_FILE = YES;
				IPHONEOS_DEPLOYMENT_TARGET = 16.2;
				MARKETING_VERSION = 1.0;
				PRODUCT_BUNDLE_IDENTIFIER = "info.Hava-DurumuTests";
				PRODUCT_NAME = "$(TARGET_NAME)";
				SWIFT_EMIT_LOC_STRINGS = NO;
				SWIFT_VERSION = 5.0;
				TARGETED_DEVICE_FAMILY = "1,2";
				TEST_HOST = "$(BUILT_PRODUCTS_DIR)/Hava Durumu.app/$(BUNDLE_EXECUTABLE_FOLDER_PATH)/Hava Durumu";
			};
			name = Release;
		};
		12536EBD29DB0C0900CBF0BE /* Debug */ = {
			isa = XCBuildConfiguration;
			buildSettings = {
				ALWAYS_EMBED_SWIFT_STANDARD_LIBRARIES = YES;
				CODE_SIGN_STYLE = Automatic;
				CURRENT_PROJECT_VERSION = 1;
				DEVELOPMENT_TEAM = CG2DGVAM4V;
				GENERATE_INFOPLIST_FILE = YES;
				MARKETING_VERSION = 1.0;
				PRODUCT_BUNDLE_IDENTIFIER = "info.Hava-DurumuUITests";
				PRODUCT_NAME = "$(TARGET_NAME)";
				SWIFT_EMIT_LOC_STRINGS = NO;
				SWIFT_VERSION = 5.0;
				TARGETED_DEVICE_FAMILY = "1,2";
				TEST_TARGET_NAME = "Hava Durumu";
			};
			name = Debug;
		};
		12536EBE29DB0C0900CBF0BE /* Release */ = {
			isa = XCBuildConfiguration;
			buildSettings = {
				ALWAYS_EMBED_SWIFT_STANDARD_LIBRARIES = YES;
				CODE_SIGN_STYLE = Automatic;
				CURRENT_PROJECT_VERSION = 1;
				DEVELOPMENT_TEAM = CG2DGVAM4V;
				GENERATE_INFOPLIST_FILE = YES;
				MARKETING_VERSION = 1.0;
				PRODUCT_BUNDLE_IDENTIFIER = "info.Hava-DurumuUITests";
				PRODUCT_NAME = "$(TARGET_NAME)";
				SWIFT_EMIT_LOC_STRINGS = NO;
				SWIFT_VERSION = 5.0;
				TARGETED_DEVICE_FAMILY = "1,2";
				TEST_TARGET_NAME = "Hava Durumu";
			};
			name = Release;
		};
/* End XCBuildConfiguration section */

/* Begin XCConfigurationList section */
		12536E8729DB0C0700CBF0BE /* Build configuration list for PBXProject "Hava Durumu" */ = {
			isa = XCConfigurationList;
			buildConfigurations = (
				12536EB429DB0C0900CBF0BE /* Debug */,
				12536EB529DB0C0900CBF0BE /* Release */,
			);
			defaultConfigurationIsVisible = 0;
			defaultConfigurationName = Release;
		};
		12536EB629DB0C0900CBF0BE /* Build configuration list for PBXNativeTarget "Hava Durumu" */ = {
			isa = XCConfigurationList;
			buildConfigurations = (
				12536EB729DB0C0900CBF0BE /* Debug */,
				12536EB829DB0C0900CBF0BE /* Release */,
			);
			defaultConfigurationIsVisible = 0;
			defaultConfigurationName = Release;
		};
		12536EB929DB0C0900CBF0BE /* Build configuration list for PBXNativeTarget "Hava DurumuTests" */ = {
			isa = XCConfigurationList;
			buildConfigurations = (
				12536EBA29DB0C0900CBF0BE /* Debug */,
				12536EBB29DB0C0900CBF0BE /* Release */,
			);
			defaultConfigurationIsVisible = 0;
			defaultConfigurationName = Release;
		};
		12536EBC29DB0C0900CBF0BE /* Build configuration list for PBXNativeTarget "Hava DurumuUITests" */ = {
			isa = XCConfigurationList;
			buildConfigurations = (
				12536EBD29DB0C0900CBF0BE /* Debug */,
				12536EBE29DB0C0900CBF0BE /* Release */,
			);
			defaultConfigurationIsVisible = 0;
			defaultConfigurationName = Release;
		};
/* End XCConfigurationList section */
	};
	rootObject = 12536E8429DB0C0700CBF0BE /* Project object */;
}
